<Solution>
  <Configurations>
    <Platform Name="x64" />
  </Configurations>
  <Folder Name="/global/" Id="ddb4ef12-cc4e-5e88-e6fc-71a802f4de97">
    <File Path="Directory.Build.props" />
    <File Path="Directory.Packages.props" />
  </Folder>
  <Folder Name="/src/" />
  <Folder Name="/src/core/">
    <Project Path="src/Files.Core.SourceGenerator/Files.Core.SourceGenerator.csproj" />
    <Project Path="src/Files.Core.Storage/Files.Core.Storage.csproj">
      <Platform Solution="*|x64" Project="x64" />
    </Project>
    <Project Path="src/Files.Shared/Files.Shared.csproj">
      <Platform Solution="*|x64" Project="x64" />
    </Project>
  </Folder>
  <Folder Name="/src/platforms/">
    <Project Path="src/Files.App.BackgroundTasks/Files.App.BackgroundTasks.csproj">
      <Platform Solution="*|x64" Project="x64" />
    </Project>
    <Project Path="src/Files.App.Controls/Files.App.Controls.csproj">
      <Platform Solution="*|x64" Project="x64" />
    </Project>
    <Project Path="src/Files.App.CsWin32/Files.App.CsWin32.csproj">
      <Platform Solution="*|x64" Project="x64" />
    </Project>
    <Project Path="src/Files.App.Storage/Files.App.Storage.csproj">
      <Platform Solution="*|x64" Project="x64" />
    </Project>
    <Project Path="src/Files.App/Files.App.csproj">
      <Platform Solution="*|x64" Project="x64" />
      <Deploy />
    </Project>
  </Folder>
</Solution>
